
Microsoft Visual Studio Solution File, Format Version 12.00
Project("{FAE04EC0-301F-11D3-BF4B-00C04F79EFBC}") = "TheLegoSolution1", "TheLegoSolution1.csproj", "{B20672A4-463F-46A8-AD80-511FCCBC806C}"
EndProject
Global
	GlobalSection(SolutionConfigurationPlatforms) = preSolution
		Debug|Any CPU = Debug|Any CPU
		Release|Any CPU = Release|Any CPU
	EndGlobalSection
	GlobalSection(ProjectConfigurationPlatforms) = postSolution
		{B20672A4-463F-46A8-AD80-511FCCBC806C}.Debug|Any CPU.ActiveCfg = Debug|Any CPU
		{B20672A4-463F-46A8-AD80-511FCCBC806C}.Debug|Any CPU.Build.0 = Debug|Any CPU
		{B20672A4-463F-46A8-AD80-511FCCBC806C}.Release|Any CPU.ActiveCfg = Release|Any CPU
		{B20672A4-463F-46A8-AD80-511FCCBC806C}.Release|Any CPU.Build.0 = Release|Any CPU
	EndGlobalSection
EndGlobal
